{
  "nodes": {
    "nixpkgs": {
      "locked": {
        "lastModified": 1694032533,
        "narHash": "sha256-I8cfCV/4JNJJ8KHOTxTU1EphKT8ARSb4s9pq99prYV0=",
        "owner": "NixOS",
        "repo": "nixpkgs",
        "rev": "efd23a1c9ae8c574e2ca923c2b2dc336797f4cc4",
        "type": "github"
      },
      "original": {
        "owner": "NixOS",
        "ref": "nixpkgs-unstable",
        "repo": "nixpkgs",
        "type": "github"
      }
    },
    "root": {
      "inputs": {
        "nixpkgs": "nixpkgs"
      }
    }
  },
  "root": "root",
  "version": 7
}
